
Microsoft Visual Studio Solution File, Format Version 12.00
# Visual Studio Version 17
VisualStudioVersion = 17.12.35527.113
MinimumVisualStudioVersion = 10.0.40219.1
Project("{FAE04EC0-301F-11D3-BF4B-00C04F79EFBC}") = "FeatureFusion", "FeatureFusion\FeatureFusion.csproj", "{39196475-A544-4D10-A2E6-A642A01F6BD7}"
EndProject
Project("{FAE04EC0-301F-11D3-BF4B-00C04F79EFBC}") = "FeatureFusion.ApiGateway", "FeatureFusion.ApiGateway\FeatureFusion.ApiGateway.csproj", "{1B27F253-FA70-4163-902C-A26C9BDC5F97}"
EndProject
Project("{2150E333-8FDC-42A3-9474-1A3956D46DE8}") = "tests", "tests", "{D490ED24-78D3-4991-B77A-88D654724217}"
EndProject
Project("{2150E333-8FDC-42A3-9474-1A3956D46DE8}") = "src", "src", "{3DB72BEB-2859-41D8-A8B0-94773F7B4992}"
EndProject
Project("{FAE04EC0-301F-11D3-BF4B-00C04F79EFBC}") = "EventBus", "EventBusRabbitMQ\EventBus.csproj", "{A9B80C98-EC35-4DCF-983E-968D479C2358}"
EndProject
Project("{FAE04EC0-301F-11D3-BF4B-00C04F79EFBC}") = "FeatureFusion.AppHost", "FeatureFusion.AppHost.AppHost\FeatureFusion.AppHost.csproj", "{E9B3E66B-6676-46BD-9093-512DB964999E}"
EndProject
Project("{FAE04EC0-301F-11D3-BF4B-00C04F79EFBC}") = "FeatureFusion.AppHost.ServiceDefaults", "FeatureFusion.AppHost.ServiceDefaults\FeatureFusion.AppHost.ServiceDefaults.csproj", "{12E4C4C1-8C15-45C4-B265-DC9987AE7CE0}"
EndProject
Project("{FAE04EC0-301F-11D3-BF4B-00C04F79EFBC}") = "EventBus.Test", "..\tests\EventBus.Test\EventBus.Test.csproj", "{962B707C-A399-4CF7-954C-A5D38EF8A3BF}"
EndProject
Project("{FAE04EC0-301F-11D3-BF4B-00C04F79EFBC}") = "FeatureFusion.ApiGateway.Test", "..\tests\FeatureFusion.ApiGateway.Test\FeatureFusion.ApiGateway.Test.csproj", "{ABA8C1FB-CF2A-484B-A520-DA43C4F032EC}"
EndProject
Project("{FAE04EC0-301F-11D3-BF4B-00C04F79EFBC}") = "FeatureFusion.Common", "..\tests\FeatureFusion.Common\FeatureFusion.Common.csproj", "{3DBE779E-E41E-45E0-8F3F-C6AD1C44CB4F}"
EndProject
Project("{FAE04EC0-301F-11D3-BF4B-00C04F79EFBC}") = "FeatureFusion.Test", "..\tests\FeatureFusion.Test\FeatureFusion.Test.csproj", "{97C49C1A-69AC-4647-A461-13DAE3041389}"
EndProject
Global
	GlobalSection(SolutionConfigurationPlatforms) = preSolution
		Debug|Any CPU = Debug|Any CPU
		Release|Any CPU = Release|Any CPU
	EndGlobalSection
	GlobalSection(ProjectConfigurationPlatforms) = postSolution
		{39196475-A544-4D10-A2E6-A642A01F6BD7}.Debug|Any CPU.ActiveCfg = Debug|Any CPU
		{39196475-A544-4D10-A2E6-A642A01F6BD7}.Debug|Any CPU.Build.0 = Debug|Any CPU
		{39196475-A544-4D10-A2E6-A642A01F6BD7}.Release|Any CPU.ActiveCfg = Release|Any CPU
		{39196475-A544-4D10-A2E6-A642A01F6BD7}.Release|Any CPU.Build.0 = Release|Any CPU
		{1B27F253-FA70-4163-902C-A26C9BDC5F97}.Debug|Any CPU.ActiveCfg = Debug|Any CPU
		{1B27F253-FA70-4163-902C-A26C9BDC5F97}.Debug|Any CPU.Build.0 = Debug|Any CPU
		{1B27F253-FA70-4163-902C-A26C9BDC5F97}.Release|Any CPU.ActiveCfg = Release|Any CPU
		{1B27F253-FA70-4163-902C-A26C9BDC5F97}.Release|Any CPU.Build.0 = Release|Any CPU
		{A9B80C98-EC35-4DCF-983E-968D479C2358}.Debug|Any CPU.ActiveCfg = Debug|Any CPU
		{A9B80C98-EC35-4DCF-983E-968D479C2358}.Debug|Any CPU.Build.0 = Debug|Any CPU
		{A9B80C98-EC35-4DCF-983E-968D479C2358}.Release|Any CPU.ActiveCfg = Release|Any CPU
		{A9B80C98-EC35-4DCF-983E-968D479C2358}.Release|Any CPU.Build.0 = Release|Any CPU
		{E9B3E66B-6676-46BD-9093-512DB964999E}.Debug|Any CPU.ActiveCfg = Debug|Any CPU
		{E9B3E66B-6676-46BD-9093-512DB964999E}.Debug|Any CPU.Build.0 = Debug|Any CPU
		{E9B3E66B-6676-46BD-9093-512DB964999E}.Release|Any CPU.ActiveCfg = Release|Any CPU
		{E9B3E66B-6676-46BD-9093-512DB964999E}.Release|Any CPU.Build.0 = Release|Any CPU
		{12E4C4C1-8C15-45C4-B265-DC9987AE7CE0}.Debug|Any CPU.ActiveCfg = Debug|Any CPU
		{12E4C4C1-8C15-45C4-B265-DC9987AE7CE0}.Debug|Any CPU.Build.0 = Debug|Any CPU
		{12E4C4C1-8C15-45C4-B265-DC9987AE7CE0}.Release|Any CPU.ActiveCfg = Release|Any CPU
		{12E4C4C1-8C15-45C4-B265-DC9987AE7CE0}.Release|Any CPU.Build.0 = Release|Any CPU
		{962B707C-A399-4CF7-954C-A5D38EF8A3BF}.Debug|Any CPU.ActiveCfg = Debug|Any CPU
		{962B707C-A399-4CF7-954C-A5D38EF8A3BF}.Debug|Any CPU.Build.0 = Debug|Any CPU
		{962B707C-A399-4CF7-954C-A5D38EF8A3BF}.Release|Any CPU.ActiveCfg = Release|Any CPU
		{962B707C-A399-4CF7-954C-A5D38EF8A3BF}.Release|Any CPU.Build.0 = Release|Any CPU
		{ABA8C1FB-CF2A-484B-A520-DA43C4F032EC}.Debug|Any CPU.ActiveCfg = Debug|Any CPU
		{ABA8C1FB-CF2A-484B-A520-DA43C4F032EC}.Debug|Any CPU.Build.0 = Debug|Any CPU
		{ABA8C1FB-CF2A-484B-A520-DA43C4F032EC}.Release|Any CPU.ActiveCfg = Release|Any CPU
		{ABA8C1FB-CF2A-484B-A520-DA43C4F032EC}.Release|Any CPU.Build.0 = Release|Any CPU
		{3DBE779E-E41E-45E0-8F3F-C6AD1C44CB4F}.Debug|Any CPU.ActiveCfg = Debug|Any CPU
		{3DBE779E-E41E-45E0-8F3F-C6AD1C44CB4F}.Debug|Any CPU.Build.0 = Debug|Any CPU
		{3DBE779E-E41E-45E0-8F3F-C6AD1C44CB4F}.Release|Any CPU.ActiveCfg = Release|Any CPU
		{3DBE779E-E41E-45E0-8F3F-C6AD1C44CB4F}.Release|Any CPU.Build.0 = Release|Any CPU
		{97C49C1A-69AC-4647-A461-13DAE3041389}.Debug|Any CPU.ActiveCfg = Debug|Any CPU
		{97C49C1A-69AC-4647-A461-13DAE3041389}.Debug|Any CPU.Build.0 = Debug|Any CPU
		{97C49C1A-69AC-4647-A461-13DAE3041389}.Release|Any CPU.ActiveCfg = Release|Any CPU
		{97C49C1A-69AC-4647-A461-13DAE3041389}.Release|Any CPU.Build.0 = Release|Any CPU
	EndGlobalSection
	GlobalSection(SolutionProperties) = preSolution
		HideSolutionNode = FALSE
	EndGlobalSection
	GlobalSection(NestedProjects) = preSolution
		{39196475-A544-4D10-A2E6-A642A01F6BD7} = {3DB72BEB-2859-41D8-A8B0-94773F7B4992}
		{1B27F253-FA70-4163-902C-A26C9BDC5F97} = {3DB72BEB-2859-41D8-A8B0-94773F7B4992}
		{A9B80C98-EC35-4DCF-983E-968D479C2358} = {3DB72BEB-2859-41D8-A8B0-94773F7B4992}
		{E9B3E66B-6676-46BD-9093-512DB964999E} = {3DB72BEB-2859-41D8-A8B0-94773F7B4992}
		{12E4C4C1-8C15-45C4-B265-DC9987AE7CE0} = {3DB72BEB-2859-41D8-A8B0-94773F7B4992}
		{962B707C-A399-4CF7-954C-A5D38EF8A3BF} = {D490ED24-78D3-4991-B77A-88D654724217}
		{ABA8C1FB-CF2A-484B-A520-DA43C4F032EC} = {D490ED24-78D3-4991-B77A-88D654724217}
		{3DBE779E-E41E-45E0-8F3F-C6AD1C44CB4F} = {D490ED24-78D3-4991-B77A-88D654724217}
		{97C49C1A-69AC-4647-A461-13DAE3041389} = {D490ED24-78D3-4991-B77A-88D654724217}
	EndGlobalSection
EndGlobal
